// !$*UTF8*$!
{
	archiveVersion = 1;
	classes = {
	};
	objectVersion = 45;
	objects = {

/* Begin PBXBuildFile section */
		256AC3DA0F4B6AC300CF3369 /* plaskAppDelegate.mm in Sources */ = {isa = PBXBuildFile; fileRef = 256AC3D90F4B6AC300CF3369 /* plaskAppDelegate.mm */; };
		8D11072B0486CEB800E47090 /* InfoPlist.strings in Resources */ = {isa = PBXBuildFile; fileRef = 089C165CFE840E0CC02AAC07 /* InfoPlist.strings */; };
		8D11072D0486CEB800E47090 /* main.mm in Sources */ = {isa = PBXBuildFile; fileRef = 29B97316FDCFA39411CA2CEA /* main.mm */; settings = {ATTRIBUTES = (); }; };
		8D11072F0486CEB800E47090 /* Cocoa.framework in Frameworks */ = {isa = PBXBuildFile; fileRef = 1058C7A1FEA54F0111CA2CBB /* Cocoa.framework */; };
		C505E34B1C3184AA00A99FCE /* libskia_opts_sse42.a in Frameworks */ = {isa = PBXBuildFile; fileRef = C505E34A1C3184AA00A99FCE /* libskia_opts_sse42.a */; };
		C505E34E1C3184B500A99FCE /* libskia_opts_avx.a in Frameworks */ = {isa = PBXBuildFile; fileRef = C505E34C1C3184B500A99FCE /* libskia_opts_avx.a */; };
		C505E34F1C3184B500A99FCE /* libskia_opts_avx2.a in Frameworks */ = {isa = PBXBuildFile; fileRef = C505E34D1C3184B500A99FCE /* libskia_opts_avx2.a */; };
		C51CAD0E133AACE900FF807C /* Syphon.framework in Frameworks */ = {isa = PBXBuildFile; fileRef = C51CAD0D133AACE900FF807C /* Syphon.framework */; };
		C51CAD17133AACF300FF807C /* Syphon.framework in CopyFiles */ = {isa = PBXBuildFile; fileRef = C51CAD0D133AACE900FF807C /* Syphon.framework */; };
		C51CE4521B53C5350024FBCE /* libsfntly.a in Frameworks */ = {isa = PBXBuildFile; fileRef = C51CE4511B53C5350024FBCE /* libsfntly.a */; };
		C52D4CFD1993EB0500AB37F3 /* CoreMedia.framework in Frameworks */ = {isa = PBXBuildFile; fileRef = C52D4CFC1993EB0500AB37F3 /* CoreMedia.framework */; };
		C542EFDC1987F06600E9013B /* AVFoundation.framework in Frameworks */ = {isa = PBXBuildFile; fileRef = C542EFDB1987F06600E9013B /* AVFoundation.framework */; };
		C54480A9133CDB760074124E /* Plask.icns in Resources */ = {isa = PBXBuildFile; fileRef = C54480A8133CDB760074124E /* Plask.icns */; };
		C55215F71B53C77B00046F3D /* libicuuc.a in Frameworks */ = {isa = PBXBuildFile; fileRef = C55215F61B53C77B00046F3D /* libicuuc.a */; };
		C5573ED21987F50700981CEB /* CoreVideo.framework in Frameworks */ = {isa = PBXBuildFile; fileRef = C5573ED11987F50700981CEB /* CoreVideo.framework */; };
		C5703517124FFED40082AA14 /* plask_bindings.mm in Sources */ = {isa = PBXBuildFile; fileRef = C5703516124FFED40082AA14 /* plask_bindings.mm */; };
		C570353B125003630082AA14 /* v8_utils.cc in Sources */ = {isa = PBXBuildFile; fileRef = C5703539125003630082AA14 /* v8_utils.cc */; };
		C570361A1250EB5E0082AA14 /* libfreeimage.framework in Frameworks */ = {isa = PBXBuildFile; fileRef = C57036191250EB5E0082AA14 /* libfreeimage.framework */; };
		C58108C912FC55920053FB3A /* CoreMIDI.framework in Frameworks */ = {isa = PBXBuildFile; fileRef = C58108C812FC55920053FB3A /* CoreMIDI.framework */; };
		C5A5260B12561A2200C0F632 /* OpenGL.framework in Frameworks */ = {isa = PBXBuildFile; fileRef = C5A5260A12561A2200C0F632 /* OpenGL.framework */; };
		C5AE9F911C1B24DF00125AA3 /* libv8_libbase.a in Frameworks */ = {isa = PBXBuildFile; fileRef = C5AE9F901C1B24DF00125AA3 /* libv8_libbase.a */; };
		C5AE9F931C1B24E400125AA3 /* libv8_libplatform.a in Frameworks */ = {isa = PBXBuildFile; fileRef = C5AE9F921C1B24E400125AA3 /* libv8_libplatform.a */; };
		C5BADEE8196C7B73007328B8 /* libSkKTX.a in Frameworks */ = {isa = PBXBuildFile; fileRef = C5BADEE7196C7B73007328B8 /* libSkKTX.a */; };
		C5C83E12140A9D78006E6DAE /* ScriptingBridge.framework in Frameworks */ = {isa = PBXBuildFile; fileRef = C5C83E11140A9D78006E6DAE /* ScriptingBridge.framework */; };
		C5D8EA081295C268003479AA /* libfreeimage.framework in CopyFiles */ = {isa = PBXBuildFile; fileRef = C57036191250EB5E0082AA14 /* libfreeimage.framework */; };
		C5DA2225168378CB00929928 /* libcares.a in Frameworks */ = {isa = PBXBuildFile; fileRef = C5DA221D168378CB00929928 /* libcares.a */; };
		C5DA2226168378CB00929928 /* libchrome_zlib.a in Frameworks */ = {isa = PBXBuildFile; fileRef = C5DA221E168378CB00929928 /* libchrome_zlib.a */; };
		C5DA2227168378CB00929928 /* libhttp_parser.a in Frameworks */ = {isa = PBXBuildFile; fileRef = C5DA221F168378CB00929928 /* libhttp_parser.a */; };
		C5DA2228168378CB00929928 /* libnode.a in Frameworks */ = {isa = PBXBuildFile; fileRef = C5DA2220168378CB00929928 /* libnode.a */; };
		C5DA2229168378CB00929928 /* libopenssl.a in Frameworks */ = {isa = PBXBuildFile; fileRef = C5DA2221168378CB00929928 /* libopenssl.a */; };
		C5DA222A168378CB00929928 /* libuv.a in Frameworks */ = {isa = PBXBuildFile; fileRef = C5DA2222168378CB00929928 /* libuv.a */; };
		C5DA222B168378CB00929928 /* libv8_base.a in Frameworks */ = {isa = PBXBuildFile; fileRef = C5DA2223168378CB00929928 /* libv8_base.a */; };
		C5DA222C168378CC00929928 /* libv8_snapshot.a in Frameworks */ = {isa = PBXBuildFile; fileRef = C5DA2224168378CB00929928 /* libv8_snapshot.a */; };
		C5EB3AB2196C6B4800F1165A /* libskia_core.a in Frameworks */ = {isa = PBXBuildFile; fileRef = C5EB3AA3196C6B4600F1165A /* libskia_core.a */; };
		C5EB3AB3196C6B4800F1165A /* libskia_effects.a in Frameworks */ = {isa = PBXBuildFile; fileRef = C5EB3AA4196C6B4600F1165A /* libskia_effects.a */; };
		C5EB3AB4196C6B4800F1165A /* libskia_images.a in Frameworks */ = {isa = PBXBuildFile; fileRef = C5EB3AA5196C6B4700F1165A /* libskia_images.a */; };
		C5EB3AB5196C6B4800F1165A /* libskia_opts_sse41.a in Frameworks */ = {isa = PBXBuildFile; fileRef = C5EB3AA6196C6B4700F1165A /* libskia_opts_sse41.a */; };
		C5EB3AB6196C6B4800F1165A /* libskia_opts_ssse3.a in Frameworks */ = {isa = PBXBuildFile; fileRef = C5EB3AA7196C6B4700F1165A /* libskia_opts_ssse3.a */; };
		C5EB3AB7196C6B4800F1165A /* libskia_opts.a in Frameworks */ = {isa = PBXBuildFile; fileRef = C5EB3AA8196C6B4700F1165A /* libskia_opts.a */; };
		C5EB3AB8196C6B4900F1165A /* libskia_pdf.a in Frameworks */ = {isa = PBXBuildFile; fileRef = C5EB3AA9196C6B4700F1165A /* libskia_pdf.a */; };
		C5EB3AB9196C6B4900F1165A /* libskia_ports.a in Frameworks */ = {isa = PBXBuildFile; fileRef = C5EB3AAA196C6B4700F1165A /* libskia_ports.a */; };
		C5EB3ABA196C6B4900F1165A /* libskia_sfnt.a in Frameworks */ = {isa = PBXBuildFile; fileRef = C5EB3AAB196C6B4800F1165A /* libskia_sfnt.a */; };
		C5EB3ABB196C6B4900F1165A /* libskia_skgpu.a in Frameworks */ = {isa = PBXBuildFile; fileRef = C5EB3AAC196C6B4800F1165A /* libskia_skgpu.a */; };
		C5EB3ABD196C6B4900F1165A /* libskia_utils.a in Frameworks */ = {isa = PBXBuildFile; fileRef = C5EB3AAE196C6B4800F1165A /* libskia_utils.a */; };
		C5EB3ADB196C6EA300F1165A /* libetc1.a in Frameworks */ = {isa = PBXBuildFile; fileRef = C5EB3AD7196C6EA300F1165A /* libetc1.a */; };
		C5EB3C6812FC55A60009FA7C /* CoreAudio.framework in Frameworks */ = {isa = PBXBuildFile; fileRef = C5EB3C6712FC55A60009FA7C /* CoreAudio.framework */; };
/* End PBXBuildFile section */

/* Begin PBXCopyFilesBuildPhase section */
		C5D8EA071295C237003479AA /* CopyFiles */ = {
			isa = PBXCopyFilesBuildPhase;
			buildActionMask = 2147483647;
			dstPath = "";
			dstSubfolderSpec = 10;
			files = (
				C51CAD17133AACF300FF807C /* Syphon.framework in CopyFiles */,
				C5D8EA081295C268003479AA /* libfreeimage.framework in CopyFiles */,
			);
			runOnlyForDeploymentPostprocessing = 0;
		};
/* End PBXCopyFilesBuildPhase section */

/* Begin PBXFileReference section */
		089C165DFE840E0CC02AAC07 /* English */ = {isa = PBXFileReference; fileEncoding = 4; lastKnownFileType = text.plist.strings; name = English; path = English.lproj/InfoPlist.strings; sourceTree = "<group>"; };
		1058C7A1FEA54F0111CA2CBB /* Cocoa.framework */ = {isa = PBXFileReference; lastKnownFileType = wrapper.framework; name = Cocoa.framework; path = /System/Library/Frameworks/Cocoa.framework; sourceTree = "<absolute>"; };
		13E42FB307B3F0F600E4EEF1 /* CoreData.framework */ = {isa = PBXFileReference; lastKnownFileType = wrapper.framework; name = CoreData.framework; path = /System/Library/Frameworks/CoreData.framework; sourceTree = "<absolute>"; };
		256AC3D80F4B6AC300CF3369 /* plaskAppDelegate.h */ = {isa = PBXFileReference; fileEncoding = 4; lastKnownFileType = sourcecode.c.h; path = plaskAppDelegate.h; sourceTree = "<group>"; };
		256AC3D90F4B6AC300CF3369 /* plaskAppDelegate.mm */ = {isa = PBXFileReference; fileEncoding = 4; lastKnownFileType = sourcecode.cpp.objcpp; path = plaskAppDelegate.mm; sourceTree = "<group>"; };
		256AC3F00F4B6AF500CF3369 /* plask_Prefix.pch */ = {isa = PBXFileReference; fileEncoding = 4; lastKnownFileType = sourcecode.c.h; path = plask_Prefix.pch; sourceTree = "<group>"; };
		29B97316FDCFA39411CA2CEA /* main.mm */ = {isa = PBXFileReference; fileEncoding = 4; lastKnownFileType = sourcecode.cpp.objcpp; path = main.mm; sourceTree = "<group>"; };
		29B97324FDCFA39411CA2CEA /* AppKit.framework */ = {isa = PBXFileReference; lastKnownFileType = wrapper.framework; name = AppKit.framework; path = /System/Library/Frameworks/AppKit.framework; sourceTree = "<absolute>"; };
		29B97325FDCFA39411CA2CEA /* Foundation.framework */ = {isa = PBXFileReference; lastKnownFileType = wrapper.framework; name = Foundation.framework; path = /System/Library/Frameworks/Foundation.framework; sourceTree = "<absolute>"; };
		8D1107310486CEB800E47090 /* plask-Info.plist */ = {isa = PBXFileReference; fileEncoding = 4; lastKnownFileType = text.plist.xml; path = "plask-Info.plist"; sourceTree = "<group>"; };
		8D1107320486CEB800E47090 /* Plask.app */ = {isa = PBXFileReference; explicitFileType = wrapper.application; includeInIndex = 0; path = Plask.app; sourceTree = BUILT_PRODUCTS_DIR; };
		C505E34A1C3184AA00A99FCE /* libskia_opts_sse42.a */ = {isa = PBXFileReference; lastKnownFileType = archive.ar; name = libskia_opts_sse42.a; path = deps/libskia_opts_sse42.a; sourceTree = "<group>"; };
		C505E34C1C3184B500A99FCE /* libskia_opts_avx.a */ = {isa = PBXFileReference; lastKnownFileType = archive.ar; name = libskia_opts_avx.a; path = deps/libskia_opts_avx.a; sourceTree = "<group>"; };
		C505E34D1C3184B500A99FCE /* libskia_opts_avx2.a */ = {isa = PBXFileReference; lastKnownFileType = archive.ar; name = libskia_opts_avx2.a; path = deps/libskia_opts_avx2.a; sourceTree = "<group>"; };
		C51CAD0D133AACE900FF807C /* Syphon.framework */ = {isa = PBXFileReference; lastKnownFileType = wrapper.framework; name = Syphon.framework; path = deps/Syphon.framework; sourceTree = "<group>"; };
		C51CE4511B53C5350024FBCE /* libsfntly.a */ = {isa = PBXFileReference; lastKnownFileType = archive.ar; name = libsfntly.a; path = deps/libsfntly.a; sourceTree = "<group>"; };
		C52D4CFC1993EB0500AB37F3 /* CoreMedia.framework */ = {isa = PBXFileReference; lastKnownFileType = wrapper.framework; name = CoreMedia.framework; path = ../../../../System/Library/Frameworks/CoreMedia.framework; sourceTree = "<group>"; };
		C542EFDB1987F06600E9013B /* AVFoundation.framework */ = {isa = PBXFileReference; lastKnownFileType = wrapper.framework; name = AVFoundation.framework; path = /System/Library/Frameworks/AVFoundation.framework; sourceTree = "<absolute>"; };
		C54480A8133CDB760074124E /* Plask.icns */ = {isa = PBXFileReference; lastKnownFileType = image.icns; path = Plask.icns; sourceTree = "<group>"; };
		C55215F61B53C77B00046F3D /* libicuuc.a */ = {isa = PBXFileReference; lastKnownFileType = archive.ar; name = libicuuc.a; path = deps/libicuuc.a; sourceTree = "<group>"; };
		C5573ED11987F50700981CEB /* CoreVideo.framework */ = {isa = PBXFileReference; lastKnownFileType = wrapper.framework; name = CoreVideo.framework; path = /System/Library/Frameworks/CoreVideo.framework; sourceTree = "<absolute>"; };
		C5703515124FFED40082AA14 /* plask_bindings.h */ = {isa = PBXFileReference; fileEncoding = 4; lastKnownFileType = sourcecode.c.h; path = plask_bindings.h; sourceTree = "<group>"; };
		C5703516124FFED40082AA14 /* plask_bindings.mm */ = {isa = PBXFileReference; fileEncoding = 4; lastKnownFileType = sourcecode.cpp.objcpp; path = plask_bindings.mm; sourceTree = "<group>"; };
		C5703539125003630082AA14 /* v8_utils.cc */ = {isa = PBXFileReference; fileEncoding = 4; lastKnownFileType = sourcecode.cpp.cpp; path = v8_utils.cc; sourceTree = "<group>"; };
		C570353A125003630082AA14 /* v8_utils.h */ = {isa = PBXFileReference; fileEncoding = 4; lastKnownFileType = sourcecode.c.h; path = v8_utils.h; sourceTree = "<group>"; };
		C57036191250EB5E0082AA14 /* libfreeimage.framework */ = {isa = PBXFileReference; lastKnownFileType = wrapper.framework; name = libfreeimage.framework; path = deps/libfreeimage.framework; sourceTree = SOURCE_ROOT; };
		C58108C812FC55920053FB3A /* CoreMIDI.framework */ = {isa = PBXFileReference; lastKnownFileType = wrapper.framework; name = CoreMIDI.framework; path = /System/Library/Frameworks/CoreMIDI.framework; sourceTree = "<absolute>"; };
		C5A5260A12561A2200C0F632 /* OpenGL.framework */ = {isa = PBXFileReference; lastKnownFileType = wrapper.framework; name = OpenGL.framework; path = System/Library/Frameworks/OpenGL.framework; sourceTree = SDKROOT; };
		C5AE9F901C1B24DF00125AA3 /* libv8_libbase.a */ = {isa = PBXFileReference; lastKnownFileType = archive.ar; name = libv8_libbase.a; path = deps/libv8_libbase.a; sourceTree = "<group>"; };
		C5AE9F921C1B24E400125AA3 /* libv8_libplatform.a */ = {isa = PBXFileReference; lastKnownFileType = archive.ar; name = libv8_libplatform.a; path = deps/libv8_libplatform.a; sourceTree = "<group>"; };
		C5BADEE7196C7B73007328B8 /* libSkKTX.a */ = {isa = PBXFileReference; lastKnownFileType = archive.ar; name = libSkKTX.a; path = deps/libSkKTX.a; sourceTree = "<group>"; };
		C5C83E11140A9D78006E6DAE /* ScriptingBridge.framework */ = {isa = PBXFileReference; lastKnownFileType = wrapper.framework; name = ScriptingBridge.framework; path = System/Library/Frameworks/ScriptingBridge.framework; sourceTree = SDKROOT; };
		C5DA221D168378CB00929928 /* libcares.a */ = {isa = PBXFileReference; lastKnownFileType = archive.ar; name = libcares.a; path = deps/libcares.a; sourceTree = "<group>"; };
		C5DA221E168378CB00929928 /* libchrome_zlib.a */ = {isa = PBXFileReference; lastKnownFileType = archive.ar; name = libchrome_zlib.a; path = deps/libchrome_zlib.a; sourceTree = "<group>"; };
		C5DA221F168378CB00929928 /* libhttp_parser.a */ = {isa = PBXFileReference; lastKnownFileType = archive.ar; name = libhttp_parser.a; path = deps/libhttp_parser.a; sourceTree = "<group>"; };
		C5DA2220168378CB00929928 /* libnode.a */ = {isa = PBXFileReference; lastKnownFileType = archive.ar; name = libnode.a; path = deps/libnode.a; sourceTree = "<group>"; };
		C5DA2221168378CB00929928 /* libopenssl.a */ = {isa = PBXFileReference; lastKnownFileType = archive.ar; name = libopenssl.a; path = deps/libopenssl.a; sourceTree = "<group>"; };
		C5DA2222168378CB00929928 /* libuv.a */ = {isa = PBXFileReference; lastKnownFileType = archive.ar; name = libuv.a; path = deps/libuv.a; sourceTree = "<group>"; };
		C5DA2223168378CB00929928 /* libv8_base.a */ = {isa = PBXFileReference; lastKnownFileType = archive.ar; name = libv8_base.a; path = deps/libv8_base.a; sourceTree = "<group>"; };
		C5DA2224168378CB00929928 /* libv8_snapshot.a */ = {isa = PBXFileReference; lastKnownFileType = archive.ar; name = libv8_snapshot.a; path = deps/libv8_snapshot.a; sourceTree = "<group>"; };
		C5EB3AA3196C6B4600F1165A /* libskia_core.a */ = {isa = PBXFileReference; lastKnownFileType = archive.ar; name = libskia_core.a; path = deps/libskia_core.a; sourceTree = "<group>"; };
		C5EB3AA4196C6B4600F1165A /* libskia_effects.a */ = {isa = PBXFileReference; lastKnownFileType = archive.ar; name = libskia_effects.a; path = deps/libskia_effects.a; sourceTree = "<group>"; };
		C5EB3AA5196C6B4700F1165A /* libskia_images.a */ = {isa = PBXFileReference; lastKnownFileType = archive.ar; name = libskia_images.a; path = deps/libskia_images.a; sourceTree = "<group>"; };
		C5EB3AA6196C6B4700F1165A /* libskia_opts_sse41.a */ = {isa = PBXFileReference; lastKnownFileType = archive.ar; name = libskia_opts_sse41.a; path = deps/libskia_opts_sse41.a; sourceTree = "<group>"; };
		C5EB3AA7196C6B4700F1165A /* libskia_opts_ssse3.a */ = {isa = PBXFileReference; lastKnownFileType = archive.ar; name = libskia_opts_ssse3.a; path = deps/libskia_opts_ssse3.a; sourceTree = "<group>"; };
		C5EB3AA8196C6B4700F1165A /* libskia_opts.a */ = {isa = PBXFileReference; lastKnownFileType = archive.ar; name = libskia_opts.a; path = deps/libskia_opts.a; sourceTree = "<group>"; };
		C5EB3AA9196C6B4700F1165A /* libskia_pdf.a */ = {isa = PBXFileReference; lastKnownFileType = archive.ar; name = libskia_pdf.a; path = deps/libskia_pdf.a; sourceTree = "<group>"; };
		C5EB3AAA196C6B4700F1165A /* libskia_ports.a */ = {isa = PBXFileReference; lastKnownFileType = archive.ar; name = libskia_ports.a; path = deps/libskia_ports.a; sourceTree = "<group>"; };
		C5EB3AAB196C6B4800F1165A /* libskia_sfnt.a */ = {isa = PBXFileReference; lastKnownFileType = archive.ar; name = libskia_sfnt.a; path = deps/libskia_sfnt.a; sourceTree = "<group>"; };
		C5EB3AAC196C6B4800F1165A /* libskia_skgpu.a */ = {isa = PBXFileReference; lastKnownFileType = archive.ar; name = libskia_skgpu.a; path = deps/libskia_skgpu.a; sourceTree = "<group>"; };
		C5EB3AAE196C6B4800F1165A /* libskia_utils.a */ = {isa = PBXFileReference; lastKnownFileType = archive.ar; name = libskia_utils.a; path = deps/libskia_utils.a; sourceTree = "<group>"; };
		C5EB3AD7196C6EA300F1165A /* libetc1.a */ = {isa = PBXFileReference; lastKnownFileType = archive.ar; name = libetc1.a; path = deps/libetc1.a; sourceTree = "<group>"; };
		C5EB3C6712FC55A60009FA7C /* CoreAudio.framework */ = {isa = PBXFileReference; lastKnownFileType = wrapper.framework; name = CoreAudio.framework; path = /System/Library/Frameworks/CoreAudio.framework; sourceTree = "<absolute>"; };
/* End PBXFileReference section */

/* Begin PBXFrameworksBuildPhase section */
		8D11072E0486CEB800E47090 /* Frameworks */ = {
			isa = PBXFrameworksBuildPhase;
			buildActionMask = 2147483647;
			files = (
				8D11072F0486CEB800E47090 /* Cocoa.framework in Frameworks */,
				C570361A1250EB5E0082AA14 /* libfreeimage.framework in Frameworks */,
				C5A5260B12561A2200C0F632 /* OpenGL.framework in Frameworks */,
				C58108C912FC55920053FB3A /* CoreMIDI.framework in Frameworks */,
				C5EB3C6812FC55A60009FA7C /* CoreAudio.framework in Frameworks */,
				C51CAD0E133AACE900FF807C /* Syphon.framework in Frameworks */,
				C5C83E12140A9D78006E6DAE /* ScriptingBridge.framework in Frameworks */,
				C5DA2225168378CB00929928 /* libcares.a in Frameworks */,
				C5DA2226168378CB00929928 /* libchrome_zlib.a in Frameworks */,
				C5DA2227168378CB00929928 /* libhttp_parser.a in Frameworks */,
				C5AE9F931C1B24E400125AA3 /* libv8_libplatform.a in Frameworks */,
				C5DA2228168378CB00929928 /* libnode.a in Frameworks */,
				C5DA2229168378CB00929928 /* libopenssl.a in Frameworks */,
				C5DA222A168378CB00929928 /* libuv.a in Frameworks */,
				C5DA222B168378CB00929928 /* libv8_base.a in Frameworks */,
				C5DA222C168378CC00929928 /* libv8_snapshot.a in Frameworks */,
				C5EB3AB2196C6B4800F1165A /* libskia_core.a in Frameworks */,
				C5EB3AB3196C6B4800F1165A /* libskia_effects.a in Frameworks */,
				C55215F71B53C77B00046F3D /* libicuuc.a in Frameworks */,
				C5AE9F911C1B24DF00125AA3 /* libv8_libbase.a in Frameworks */,
				C5EB3AB4196C6B4800F1165A /* libskia_images.a in Frameworks */,
				C5EB3AB5196C6B4800F1165A /* libskia_opts_sse41.a in Frameworks */,
				C5EB3AB6196C6B4800F1165A /* libskia_opts_ssse3.a in Frameworks */,
				C505E34B1C3184AA00A99FCE /* libskia_opts_sse42.a in Frameworks */,
				C505E34E1C3184B500A99FCE /* libskia_opts_avx.a in Frameworks */,
				C5EB3AB7196C6B4800F1165A /* libskia_opts.a in Frameworks */,
				C5EB3AB8196C6B4900F1165A /* libskia_pdf.a in Frameworks */,
				C51CE4521B53C5350024FBCE /* libsfntly.a in Frameworks */,
				C505E34F1C3184B500A99FCE /* libskia_opts_avx2.a in Frameworks */,
				C5EB3AB9196C6B4900F1165A /* libskia_ports.a in Frameworks */,
				C5EB3ABA196C6B4900F1165A /* libskia_sfnt.a in Frameworks */,
				C5EB3ABB196C6B4900F1165A /* libskia_skgpu.a in Frameworks */,
				C5EB3ABD196C6B4900F1165A /* libskia_utils.a in Frameworks */,
				C5EB3ADB196C6EA300F1165A /* libetc1.a in Frameworks */,
				C5BADEE8196C7B73007328B8 /* libSkKTX.a in Frameworks */,
				C542EFDC1987F06600E9013B /* AVFoundation.framework in Frameworks */,
				C5573ED21987F50700981CEB /* CoreVideo.framework in Frameworks */,
				C52D4CFD1993EB0500AB37F3 /* CoreMedia.framework in Frameworks */,
			);
			runOnlyForDeploymentPostprocessing = 0;
		};
/* End PBXFrameworksBuildPhase section */

/* Begin PBXGroup section */
		080E96DDFE201D6D7F000001 /* Classes */ = {
			isa = PBXGroup;
			children = (
				256AC3D80F4B6AC300CF3369 /* plaskAppDelegate.h */,
				256AC3D90F4B6AC300CF3369 /* plaskAppDelegate.mm */,
			);
			name = Classes;
			sourceTree = "<group>";
		};
		1058C7A0FEA54F0111CA2CBB /* Linked Frameworks */ = {
			isa = PBXGroup;
			children = (
				C51CAD0D133AACE900FF807C /* Syphon.framework */,
				C5DA221D168378CB00929928 /* libcares.a */,
				C5DA221E168378CB00929928 /* libchrome_zlib.a */,
				C5DA221F168378CB00929928 /* libhttp_parser.a */,
				C5DA2220168378CB00929928 /* libnode.a */,
				C5DA2221168378CB00929928 /* libopenssl.a */,
				C5DA2222168378CB00929928 /* libuv.a */,
				C5DA2223168378CB00929928 /* libv8_base.a */,
				C5AE9F901C1B24DF00125AA3 /* libv8_libbase.a */,
				C5AE9F921C1B24E400125AA3 /* libv8_libplatform.a */,
				C5DA2224168378CB00929928 /* libv8_snapshot.a */,
				C5EB3AA3196C6B4600F1165A /* libskia_core.a */,
				C5EB3AA4196C6B4600F1165A /* libskia_effects.a */,
				C5EB3AA5196C6B4700F1165A /* libskia_images.a */,
				C505E34C1C3184B500A99FCE /* libskia_opts_avx.a */,
				C505E34D1C3184B500A99FCE /* libskia_opts_avx2.a */,
				C505E34A1C3184AA00A99FCE /* libskia_opts_sse42.a */,
				C5EB3AA6196C6B4700F1165A /* libskia_opts_sse41.a */,
				C5EB3AA7196C6B4700F1165A /* libskia_opts_ssse3.a */,
				C5EB3AA8196C6B4700F1165A /* libskia_opts.a */,
				C5EB3AA9196C6B4700F1165A /* libskia_pdf.a */,
				C5EB3AAA196C6B4700F1165A /* libskia_ports.a */,
				C5EB3AAB196C6B4800F1165A /* libskia_sfnt.a */,
				C5EB3AAC196C6B4800F1165A /* libskia_skgpu.a */,
				C5EB3AAE196C6B4800F1165A /* libskia_utils.a */,
				C5EB3AD7196C6EA300F1165A /* libetc1.a */,
				C5BADEE7196C7B73007328B8 /* libSkKTX.a */,
				C51CE4511B53C5350024FBCE /* libsfntly.a */,
				C55215F61B53C77B00046F3D /* libicuuc.a */,
				C57036191250EB5E0082AA14 /* libfreeimage.framework */,
				1058C7A1FEA54F0111CA2CBB /* Cocoa.framework */,
				C5A5260A12561A2200C0F632 /* OpenGL.framework */,
				C5C83E11140A9D78006E6DAE /* ScriptingBridge.framework */,
				C58108C812FC55920053FB3A /* CoreMIDI.framework */,
				C5EB3C6712FC55A60009FA7C /* CoreAudio.framework */,
				C542EFDB1987F06600E9013B /* AVFoundation.framework */,
				C5573ED11987F50700981CEB /* CoreVideo.framework */,
				C52D4CFC1993EB0500AB37F3 /* CoreMedia.framework */,
			);
			name = "Linked Frameworks";
			sourceTree = "<group>";
		};
		1058C7A2FEA54F0111CA2CBB /* Other Frameworks */ = {
			isa = PBXGroup;
			children = (
				29B97324FDCFA39411CA2CEA /* AppKit.framework */,
				13E42FB307B3F0F600E4EEF1 /* CoreData.framework */,
				29B97325FDCFA39411CA2CEA /* Foundation.framework */,
			);
			name = "Other Frameworks";
			sourceTree = "<group>";
		};
		19C28FACFE9D520D11CA2CBB /* Products */ = {
			isa = PBXGroup;
			children = (
				8D1107320486CEB800E47090 /* Plask.app */,
			);
			name = Products;
			sourceTree = "<group>";
		};
		29B97314FDCFA39411CA2CEA /* plask */ = {
			isa = PBXGroup;
			children = (
				080E96DDFE201D6D7F000001 /* Classes */,
				29B97315FDCFA39411CA2CEA /* Other Sources */,
				29B97317FDCFA39411CA2CEA /* Resources */,
				29B97323FDCFA39411CA2CEA /* Frameworks */,
				19C28FACFE9D520D11CA2CBB /* Products */,
			);
			name = plask;
			sourceTree = "<group>";
		};
		29B97315FDCFA39411CA2CEA /* Other Sources */ = {
			isa = PBXGroup;
			children = (
				C5703539125003630082AA14 /* v8_utils.cc */,
				C570353A125003630082AA14 /* v8_utils.h */,
				C5703515124FFED40082AA14 /* plask_bindings.h */,
				C5703516124FFED40082AA14 /* plask_bindings.mm */,
				256AC3F00F4B6AF500CF3369 /* plask_Prefix.pch */,
				29B97316FDCFA39411CA2CEA /* main.mm */,
			);
			name = "Other Sources";
			sourceTree = "<group>";
		};
		29B97317FDCFA39411CA2CEA /* Resources */ = {
			isa = PBXGroup;
			children = (
				C54480A8133CDB760074124E /* Plask.icns */,
				8D1107310486CEB800E47090 /* plask-Info.plist */,
				089C165CFE840E0CC02AAC07 /* InfoPlist.strings */,
			);
			name = Resources;
			sourceTree = "<group>";
		};
		29B97323FDCFA39411CA2CEA /* Frameworks */ = {
			isa = PBXGroup;
			children = (
				1058C7A0FEA54F0111CA2CBB /* Linked Frameworks */,
				1058C7A2FEA54F0111CA2CBB /* Other Frameworks */,
			);
			name = Frameworks;
			sourceTree = "<group>";
		};
/* End PBXGroup section */

/* Begin PBXNativeTarget section */
		8D1107260486CEB800E47090 /* Plask */ = {
			isa = PBXNativeTarget;
			buildConfigurationList = C01FCF4A08A954540054247B /* Build configuration list for PBXNativeTarget "Plask" */;
			buildPhases = (
				8D1107290486CEB800E47090 /* Resources */,
				8D11072C0486CEB800E47090 /* Sources */,
				8D11072E0486CEB800E47090 /* Frameworks */,
				C5D8EA071295C237003479AA /* CopyFiles */,
				C5D8EA0E1295C2AF003479AA /* ShellScript */,
			);
			buildRules = (
			);
			dependencies = (
			);
			name = Plask;
			productInstallPath = "$(HOME)/Applications";
			productName = plask;
			productReference = 8D1107320486CEB800E47090 /* Plask.app */;
			productType = "com.apple.product-type.application";
		};
/* End PBXNativeTarget section */

/* Begin PBXProject section */
		29B97313FDCFA39411CA2CEA /* Project object */ = {
			isa = PBXProject;
			buildConfigurationList = C01FCF4E08A954540054247B /* Build configuration list for PBXProject "plask" */;
			compatibilityVersion = "Xcode 3.1";
			developmentRegion = English;
			hasScannedForEncodings = 1;
			knownRegions = (
				English,
				Japanese,
				French,
				German,
			);
			mainGroup = 29B97314FDCFA39411CA2CEA /* plask */;
			projectDirPath = "";
			projectRoot = "";
			targets = (
				8D1107260486CEB800E47090 /* Plask */,
			);
		};
/* End PBXProject section */

/* Begin PBXResourcesBuildPhase section */
		8D1107290486CEB800E47090 /* Resources */ = {
			isa = PBXResourcesBuildPhase;
			buildActionMask = 2147483647;
			files = (
				8D11072B0486CEB800E47090 /* InfoPlist.strings in Resources */,
				C54480A9133CDB760074124E /* Plask.icns in Resources */,
			);
			runOnlyForDeploymentPostprocessing = 0;
		};
/* End PBXResourcesBuildPhase section */

/* Begin PBXShellScriptBuildPhase section */
		C5D8EA0E1295C2AF003479AA /* ShellScript */ = {
			isa = PBXShellScriptBuildPhase;
			buildActionMask = 2147483647;
			files = (
			);
			inputPaths = (
			);
			outputPaths = (
			);
			runOnlyForDeploymentPostprocessing = 0;
			shellPath = /bin/sh;
			shellScript = "mkdir -p \"$BUILT_PRODUCTS_DIR/plask.app/Contents/lib/node/\"\nln -sf \"$SRCROOT/plask.js\" \"$BUILT_PRODUCTS_DIR/plask.app/Contents/lib/node/plask.js\"";
			showEnvVarsInLog = 0;
		};
/* End PBXShellScriptBuildPhase section */

/* Begin PBXSourcesBuildPhase section */
		8D11072C0486CEB800E47090 /* Sources */ = {
			isa = PBXSourcesBuildPhase;
			buildActionMask = 2147483647;
			files = (
				8D11072D0486CEB800E47090 /* main.mm in Sources */,
				256AC3DA0F4B6AC300CF3369 /* plaskAppDelegate.mm in Sources */,
				C5703517124FFED40082AA14 /* plask_bindings.mm in Sources */,
				C570353B125003630082AA14 /* v8_utils.cc in Sources */,
			);
			runOnlyForDeploymentPostprocessing = 0;
		};
/* End PBXSourcesBuildPhase section */

/* Begin PBXVariantGroup section */
		089C165CFE840E0CC02AAC07 /* InfoPlist.strings */ = {
			isa = PBXVariantGroup;
			children = (
				089C165DFE840E0CC02AAC07 /* English */,
			);
			name = InfoPlist.strings;
			sourceTree = "<group>";
		};
/* End PBXVariantGroup section */

/* Begin XCBuildConfiguration section */
		C01FCF4B08A954540054247B /* Debug */ = {
			isa = XCBuildConfiguration;
			buildSettings = {
				ALWAYS_SEARCH_USER_PATHS = NO;
				ARCHS = "$(ARCHS_STANDARD_64_BIT)";
				CLANG_CXX_LANGUAGE_STANDARD = "c++11";
				CLANG_CXX_LIBRARY = "libc++";
				COPY_PHASE_STRIP = NO;
				FRAMEWORK_SEARCH_PATHS = (
					"$(inherited)",
					"\"$(SRCROOT)/deps\"",
				);
				GCC_DYNAMIC_NO_PIC = NO;
				GCC_ENABLE_FIX_AND_CONTINUE = YES;
				GCC_MODEL_TUNING = G5;
				GCC_OPTIMIZATION_LEVEL = 0;
				GCC_PRECOMPILE_PREFIX_HEADER = YES;
				GCC_PREFIX_HEADER = plask_Prefix.pch;
				INFOPLIST_FILE = "plask-Info.plist";
				INSTALL_PATH = "$(HOME)/Applications";
				LIBRARY_SEARCH_PATHS = (
					"$(inherited)",
					"\"$(SRCROOT)/deps\"",
				);
				ONLY_ACTIVE_ARCH = YES;
				PRODUCT_NAME = Plask;
			};
			name = Debug;
		};
		C01FCF4C08A954540054247B /* Release */ = {
			isa = XCBuildConfiguration;
			buildSettings = {
				ALWAYS_SEARCH_USER_PATHS = NO;
				ARCHS = "$(ARCHS_STANDARD_64_BIT)";
				CLANG_CXX_LANGUAGE_STANDARD = "c++11";
				CLANG_CXX_LIBRARY = "libc++";
				DEBUG_INFORMATION_FORMAT = "dwarf-with-dsym";
				FRAMEWORK_SEARCH_PATHS = (
					"$(inherited)",
					"\"$(SRCROOT)/deps\"",
				);
				GCC_MODEL_TUNING = G5;
				GCC_PRECOMPILE_PREFIX_HEADER = YES;
				GCC_PREFIX_HEADER = plask_Prefix.pch;
				INFOPLIST_FILE = "plask-Info.plist";
				INSTALL_PATH = "$(HOME)/Applications";
				LIBRARY_SEARCH_PATHS = (
					"$(inherited)",
					"\"$(SRCROOT)/deps\"",
				);
				ONLY_ACTIVE_ARCH = YES;
				PRODUCT_NAME = Plask;
			};
			name = Release;
		};
		C01FCF4F08A954540054247B /* Debug */ = {
			isa = XCBuildConfiguration;
			buildSettings = {
				ARCHS = "$(ARCHS_STANDARD_32_64_BIT)";
				GCC_C_LANGUAGE_STANDARD = gnu99;
				GCC_OPTIMIZATION_LEVEL = 0;
				GCC_WARN_ABOUT_RETURN_TYPE = YES;
				GCC_WARN_UNUSED_VARIABLE = YES;
				GCC_PREPROCESSOR_DEFINITIONS_NOT_USED_IN_PRECOMPS = "PLASK_OSX=1 PLASK_SYPHON=1 PLASK_COREMIDI=1 PLASK_WEBGL2=1 PLASK_GPUSKIA=1 SK_RELEASE=1 SK_GAMMA_SRGB SK_SUPPORT_GPU=1 SK_BUILD_FOR_MAC SK_SAMPLES_FOR_X";
				HEADER_SEARCH_PATHS = (
					deps/libfreeimage.framework/Headers,
					deps/Syphon.framework/Headers,
					deps/,
					deps/skia/include/config,
					deps/skia/include/core,
					deps/skia/include/gpu,
					deps/skia/include/utils,
					deps/v8,
					deps/v8/include,
					deps/uv,
					deps/node,
				);
				MACOSX_DEPLOYMENT_TARGET = 10.7;
				ONLY_ACTIVE_ARCH = YES;
				OTHER_LDFLAGS = (
					"-lz",
					"-ldl",
					"-force_load",
					"\"$(SRCROOT)/deps/libnode.a\"",
				);
				PREBINDING = NO;
				SDKROOT = macosx;
			};
			name = Debug;
		};
		C01FCF5008A954540054247B /* Release */ = {
			isa = XCBuildConfiguration;
			buildSettings = {
				ARCHS = "$(ARCHS_STANDARD_32_64_BIT)";
				GCC_C_LANGUAGE_STANDARD = gnu99;
				GCC_WARN_ABOUT_RETURN_TYPE = YES;
				GCC_WARN_UNUSED_VARIABLE = YES;
				GCC_PREPROCESSOR_DEFINITIONS_NOT_USED_IN_PRECOMPS = "PLASK_OSX=1 PLASK_SYPHON=1 PLASK_COREMIDI=1 PLASK_WEBGL2=1 PLASK_GPUSKIA=1 SK_RELEASE=1 SK_GAMMA_SRGB SK_SUPPORT_GPU=1 SK_BUILD_FOR_MAC SK_SAMPLES_FOR_X";
				HEADER_SEARCH_PATHS = (
					deps/libfreeimage.framework/Headers,
					deps/Syphon.framework/Headers,
					deps/,
					deps/skia/include/config,
					deps/skia/include/core,
					deps/skia/include/gpu,
					deps/skia/include/utils,
					deps/v8,
					deps/v8/include,
					deps/uv,
					deps/node,
				);
				MACOSX_DEPLOYMENT_TARGET = 10.7;
				OTHER_LDFLAGS = (
					"-lz",
					"-ldl",
					"-force_load",
					"\"$(SRCROOT)/deps/libnode.a\"",
				);
				PREBINDING = NO;
				SDKROOT = macosx;
			};
			name = Release;
		};
/* End XCBuildConfiguration section */

/* Begin XCConfigurationList section */
		C01FCF4A08A954540054247B /* Build configuration list for PBXNativeTarget "Plask" */ = {
			isa = XCConfigurationList;
			buildConfigurations = (
				C01FCF4B08A954540054247B /* Debug */,
				C01FCF4C08A954540054247B /* Release */,
			);
			defaultConfigurationIsVisible = 0;
			defaultConfigurationName = Release;
		};
		C01FCF4E08A954540054247B /* Build configuration list for PBXProject "plask" */ = {
			isa = XCConfigurationList;
			buildConfigurations = (
				C01FCF4F08A954540054247B /* Debug */,
				C01FCF5008A954540054247B /* Release */,
			);
			defaultConfigurationIsVisible = 0;
			defaultConfigurationName = Release;
		};
/* End XCConfigurationList section */
	};
	rootObject = 29B97313FDCFA39411CA2CEA /* Project object */;
}
